// !$*UTF8*$!
{
	archiveVersion = 1;
	classes = {
	};
	objectVersion = 46;
	objects = {

/* Begin PBXBuildFile section */
		5306C0841CF3E06E00FAC567 /* HomeViewController.swift in Sources */ = {isa = PBXBuildFile; fileRef = 5306C0831CF3E06E00FAC567 /* HomeViewController.swift */; };
		5306C0891CF3EA1900FAC567 /* Localizable.strings in Resources */ = {isa = PBXBuildFile; fileRef = 5306C08B1CF3EA1900FAC567 /* Localizable.strings */; };
		5306C08E1CF3F08700FAC567 /* RecordViewController.swift in Sources */ = {isa = PBXBuildFile; fileRef = 5306C08D1CF3F08700FAC567 /* RecordViewController.swift */; };
		532FF36C1CF2AB6400EF9E14 /* AppDelegate.swift in Sources */ = {isa = PBXBuildFile; fileRef = 532FF36B1CF2AB6400EF9E14 /* AppDelegate.swift */; };
		532FF3711CF2AB6400EF9E14 /* Main.storyboard in Resources */ = {isa = PBXBuildFile; fileRef = 532FF36F1CF2AB6400EF9E14 /* Main.storyboard */; };
		532FF3731CF2AB6400EF9E14 /* Assets.xcassets in Resources */ = {isa = PBXBuildFile; fileRef = 532FF3721CF2AB6400EF9E14 /* Assets.xcassets */; };
		532FF3761CF2AB6400EF9E14 /* LaunchScreen.storyboard in Resources */ = {isa = PBXBuildFile; fileRef = 532FF3741CF2AB6400EF9E14 /* LaunchScreen.storyboard */; };
		532FF3831CF2ED1A00EF9E14 /* Utilities.swift in Sources */ = {isa = PBXBuildFile; fileRef = 532FF3821CF2ED1A00EF9E14 /* Utilities.swift */; };
		532FF3921CF2F42C00EF9E14 /* UIColor+YBKAdditions.swift in Sources */ = {isa = PBXBuildFile; fileRef = 532FF3901CF2F42C00EF9E14 /* UIColor+YBKAdditions.swift */; };
		532FF3931CF2F42C00EF9E14 /* UIFont+YBKAdditions.swift in Sources */ = {isa = PBXBuildFile; fileRef = 532FF3911CF2F42C00EF9E14 /* UIFont+YBKAdditions.swift */; };
		532FF39C1CF3011D00EF9E14 /* LandingContainerViewController.swift in Sources */ = {isa = PBXBuildFile; fileRef = 532FF39A1CF3011D00EF9E14 /* LandingContainerViewController.swift */; };
		532FF39D1CF3011D00EF9E14 /* LeftSideMenuTableViewController.swift in Sources */ = {isa = PBXBuildFile; fileRef = 532FF39B1CF3011D00EF9E14 /* LeftSideMenuTableViewController.swift */; };
		532FF3A61CF3025400EF9E14 /* LeftSideMenuTableViewCell.swift in Sources */ = {isa = PBXBuildFile; fileRef = 532FF3A41CF3025400EF9E14 /* LeftSideMenuTableViewCell.swift */; };
		532FF3A71CF3025400EF9E14 /* LeftSideMenuTableViewCell.xib in Resources */ = {isa = PBXBuildFile; fileRef = 532FF3A51CF3025400EF9E14 /* LeftSideMenuTableViewCell.xib */; };
		5357B4B71CF5A0CA006357F3 /* ResultTableViewCell.swift in Sources */ = {isa = PBXBuildFile; fileRef = 5357B4B51CF5A0CA006357F3 /* ResultTableViewCell.swift */; };
		5357B4B81CF5A0CA006357F3 /* ResultTableViewCell.xib in Resources */ = {isa = PBXBuildFile; fileRef = 5357B4B61CF5A0CA006357F3 /* ResultTableViewCell.xib */; };
		53D465E41CF4288C00B71062 /* ResultViewController.swift in Sources */ = {isa = PBXBuildFile; fileRef = 53D465E31CF4288C00B71062 /* ResultViewController.swift */; };
		53D465E61CF42CD000B71062 /* HistoryViewController.swift in Sources */ = {isa = PBXBuildFile; fileRef = 53D465E51CF42CD000B71062 /* HistoryViewController.swift */; };
		53D465E81CF435F700B71062 /* MainContainerViewController.swift in Sources */ = {isa = PBXBuildFile; fileRef = 53D465E71CF435F700B71062 /* MainContainerViewController.swift */; };
		840B13531D190CD500E7C8B0 /* LocationInfoDataManager.swift in Sources */ = {isa = PBXBuildFile; fileRef = 840B13521D190CD500E7C8B0 /* LocationInfoDataManager.swift */; };
		840B13571D1A6FDD00E7C8B0 /* LocationInfo+CoreDataProperties.swift in Sources */ = {isa = PBXBuildFile; fileRef = 840B13551D1A6FDD00E7C8B0 /* LocationInfo+CoreDataProperties.swift */; };
		840B13581D1A6FDD00E7C8B0 /* LocationInfo.swift in Sources */ = {isa = PBXBuildFile; fileRef = 840B13561D1A6FDD00E7C8B0 /* LocationInfo.swift */; };
		844B43651D127EAA0024F16D /* MapInfoViewController.swift in Sources */ = {isa = PBXBuildFile; fileRef = 844B43641D127EAA0024F16D /* MapInfoViewController.swift */; };
		844B43B11D13E4490024F16D /* UserInfo+CoreDataProperties.swift in Sources */ = {isa = PBXBuildFile; fileRef = 844B43AF1D13E4490024F16D /* UserInfo+CoreDataProperties.swift */; };
		844B43B21D13E4490024F16D /* UserInfo.swift in Sources */ = {isa = PBXBuildFile; fileRef = 844B43B01D13E4490024F16D /* UserInfo.swift */; };
		844B43B41D141BE70024F16D /* CaloriesCalculator.swift in Sources */ = {isa = PBXBuildFile; fileRef = 844B43B31D141BE70024F16D /* CaloriesCalculator.swift */; };
		8469C9361D05AF0A00D97DB3 /* Mr-Ride-iOS.xcdatamodeld in Sources */ = {isa = PBXBuildFile; fileRef = 8469C9341D05AF0A00D97DB3 /* Mr-Ride-iOS.xcdatamodeld */; };
		8469C9431D05B09900D97DB3 /* RideRecord+CoreDataProperties.swift in Sources */ = {isa = PBXBuildFile; fileRef = 8469C93F1D05B09900D97DB3 /* RideRecord+CoreDataProperties.swift */; };
		8469C9441D05B09900D97DB3 /* RideRecord.swift in Sources */ = {isa = PBXBuildFile; fileRef = 8469C9401D05B09900D97DB3 /* RideRecord.swift */; };
		8469C9451D05B09900D97DB3 /* PathLocation+CoreDataProperties.swift in Sources */ = {isa = PBXBuildFile; fileRef = 8469C9411D05B09900D97DB3 /* PathLocation+CoreDataProperties.swift */; };
		8469C9461D05B09900D97DB3 /* PathLocation.swift in Sources */ = {isa = PBXBuildFile; fileRef = 8469C9421D05B09900D97DB3 /* PathLocation.swift */; };
		847254C81CFECB44000E6C61 /* DataRecorder.swift in Sources */ = {isa = PBXBuildFile; fileRef = 847254C71CFECB44000E6C61 /* DataRecorder.swift */; };
		848D81D91CFD287E00BD9C98 /* Timer.swift in Sources */ = {isa = PBXBuildFile; fileRef = 848D81D81CFD287E00BD9C98 /* Timer.swift */; };
		848D81DB1CFD655E00BD9C98 /* MapViewController.swift in Sources */ = {isa = PBXBuildFile; fileRef = 848D81DA1CFD655E00BD9C98 /* MapViewController.swift */; };
		84CAAD6D1D0BB4E900EA5AF0 /* ChartView.swift in Sources */ = {isa = PBXBuildFile; fileRef = 84CAAD6C1D0BB4E900EA5AF0 /* ChartView.swift */; };
		84CAADAC1D0FE18C00EA5AF0 /* HeaderView.swift in Sources */ = {isa = PBXBuildFile; fileRef = 84CAADAB1D0FE18C00EA5AF0 /* HeaderView.swift */; };
		84CAADB01D0FE1E100EA5AF0 /* HeaderView.xib in Resources */ = {isa = PBXBuildFile; fileRef = 84CAADAF1D0FE1E100EA5AF0 /* HeaderView.xib */; };
		84F7C3581D0263A600BA08E7 /* HistoryTableViewController.swift in Sources */ = {isa = PBXBuildFile; fileRef = 84F7C3571D0263A600BA08E7 /* HistoryTableViewController.swift */; };
		84F7C3631D02782100BA08E7 /* RobotoMono-Bold.ttf in Resources */ = {isa = PBXBuildFile; fileRef = 84F7C3591D02779700BA08E7 /* RobotoMono-Bold.ttf */; };
		84F7C3641D02783300BA08E7 /* RobotoMono-BoldItalic.ttf in Resources */ = {isa = PBXBuildFile; fileRef = 84F7C35A1D02779800BA08E7 /* RobotoMono-BoldItalic.ttf */; };
		84F7C3651D02783300BA08E7 /* RobotoMono-Italic.ttf in Resources */ = {isa = PBXBuildFile; fileRef = 84F7C35B1D02779800BA08E7 /* RobotoMono-Italic.ttf */; };
		84F7C3661D02783300BA08E7 /* RobotoMono-Light.ttf in Resources */ = {isa = PBXBuildFile; fileRef = 84F7C35C1D02779800BA08E7 /* RobotoMono-Light.ttf */; };
		84F7C3671D02783300BA08E7 /* RobotoMono-LightItalic.ttf in Resources */ = {isa = PBXBuildFile; fileRef = 84F7C35D1D02779800BA08E7 /* RobotoMono-LightItalic.ttf */; };
		84F7C3681D02783300BA08E7 /* RobotoMono-Medium.ttf in Resources */ = {isa = PBXBuildFile; fileRef = 84F7C35E1D02779800BA08E7 /* RobotoMono-Medium.ttf */; };
		84F7C3691D02783300BA08E7 /* RobotoMono-MediumItalic.ttf in Resources */ = {isa = PBXBuildFile; fileRef = 84F7C35F1D02779800BA08E7 /* RobotoMono-MediumItalic.ttf */; };
		84F7C36A1D02783300BA08E7 /* RobotoMono-Regular.ttf in Resources */ = {isa = PBXBuildFile; fileRef = 84F7C3601D02779800BA08E7 /* RobotoMono-Regular.ttf */; };
		84F7C36B1D02783300BA08E7 /* RobotoMono-Thin.ttf in Resources */ = {isa = PBXBuildFile; fileRef = 84F7C3611D02779800BA08E7 /* RobotoMono-Thin.ttf */; };
		84F7C36C1D02783300BA08E7 /* RobotoMono-ThinItalic.ttf in Resources */ = {isa = PBXBuildFile; fileRef = 84F7C3621D02779800BA08E7 /* RobotoMono-ThinItalic.ttf */; };
		B1C7439BFDDC9FAC7E847190 /* Pods_Mr_Ride_iOS.framework in Frameworks */ = {isa = PBXBuildFile; fileRef = 3C503E7531F476CE68E4C3CF /* Pods_Mr_Ride_iOS.framework */; };
/* End PBXBuildFile section */

/* Begin PBXFileReference section */
		3C503E7531F476CE68E4C3CF /* Pods_Mr_Ride_iOS.framework */ = {isa = PBXFileReference; explicitFileType = wrapper.framework; includeInIndex = 0; path = Pods_Mr_Ride_iOS.framework; sourceTree = BUILT_PRODUCTS_DIR; };
		5306C0831CF3E06E00FAC567 /* HomeViewController.swift */ = {isa = PBXFileReference; fileEncoding = 4; lastKnownFileType = sourcecode.swift; path = HomeViewController.swift; sourceTree = "<group>"; };
		5306C0851CF3E85200FAC567 /* zh-Hant */ = {isa = PBXFileReference; lastKnownFileType = text.plist.strings; name = "zh-Hant"; path = "zh-Hant.lproj/Main.strings"; sourceTree = "<group>"; };
		5306C0861CF3E85200FAC567 /* zh-Hant */ = {isa = PBXFileReference; lastKnownFileType = text.plist.strings; name = "zh-Hant"; path = "zh-Hant.lproj/LaunchScreen.strings"; sourceTree = "<group>"; };
		5306C08A1CF3EA1900FAC567 /* Base */ = {isa = PBXFileReference; lastKnownFileType = text.plist.strings; name = Base; path = Base.lproj/Localizable.strings; sourceTree = "<group>"; };
		5306C08C1CF3EA1C00FAC567 /* zh-Hant */ = {isa = PBXFileReference; lastKnownFileType = text.plist.strings; name = "zh-Hant"; path = "zh-Hant.lproj/Localizable.strings"; sourceTree = "<group>"; };
		5306C08D1CF3F08700FAC567 /* RecordViewController.swift */ = {isa = PBXFileReference; fileEncoding = 4; lastKnownFileType = sourcecode.swift; path = RecordViewController.swift; sourceTree = "<group>"; };
		532FF3681CF2AB6300EF9E14 /* Mr-Ride-iOS.app */ = {isa = PBXFileReference; explicitFileType = wrapper.application; includeInIndex = 0; path = "Mr-Ride-iOS.app"; sourceTree = BUILT_PRODUCTS_DIR; };
		532FF36B1CF2AB6400EF9E14 /* AppDelegate.swift */ = {isa = PBXFileReference; lastKnownFileType = sourcecode.swift; path = AppDelegate.swift; sourceTree = "<group>"; };
		532FF3701CF2AB6400EF9E14 /* Base */ = {isa = PBXFileReference; lastKnownFileType = file.storyboard; name = Base; path = Base.lproj/Main.storyboard; sourceTree = "<group>"; };
		532FF3721CF2AB6400EF9E14 /* Assets.xcassets */ = {isa = PBXFileReference; lastKnownFileType = folder.assetcatalog; path = Assets.xcassets; sourceTree = "<group>"; };
		532FF3751CF2AB6400EF9E14 /* Base */ = {isa = PBXFileReference; lastKnownFileType = file.storyboard; name = Base; path = Base.lproj/LaunchScreen.storyboard; sourceTree = "<group>"; };
		532FF3771CF2AB6400EF9E14 /* Info.plist */ = {isa = PBXFileReference; lastKnownFileType = text.plist.xml; path = Info.plist; sourceTree = "<group>"; };
		532FF3821CF2ED1A00EF9E14 /* Utilities.swift */ = {isa = PBXFileReference; fileEncoding = 4; lastKnownFileType = sourcecode.swift; path = Utilities.swift; sourceTree = "<group>"; };
		532FF3901CF2F42C00EF9E14 /* UIColor+YBKAdditions.swift */ = {isa = PBXFileReference; fileEncoding = 4; lastKnownFileType = sourcecode.swift; path = "UIColor+YBKAdditions.swift"; sourceTree = "<group>"; };
		532FF3911CF2F42C00EF9E14 /* UIFont+YBKAdditions.swift */ = {isa = PBXFileReference; fileEncoding = 4; lastKnownFileType = sourcecode.swift; path = "UIFont+YBKAdditions.swift"; sourceTree = "<group>"; };
		532FF39A1CF3011D00EF9E14 /* LandingContainerViewController.swift */ = {isa = PBXFileReference; fileEncoding = 4; lastKnownFileType = sourcecode.swift; path = LandingContainerViewController.swift; sourceTree = "<group>"; };
		532FF39B1CF3011D00EF9E14 /* LeftSideMenuTableViewController.swift */ = {isa = PBXFileReference; fileEncoding = 4; lastKnownFileType = sourcecode.swift; path = LeftSideMenuTableViewController.swift; sourceTree = "<group>"; };
		532FF3A41CF3025400EF9E14 /* LeftSideMenuTableViewCell.swift */ = {isa = PBXFileReference; fileEncoding = 4; lastKnownFileType = sourcecode.swift; path = LeftSideMenuTableViewCell.swift; sourceTree = "<group>"; };
		532FF3A51CF3025400EF9E14 /* LeftSideMenuTableViewCell.xib */ = {isa = PBXFileReference; fileEncoding = 4; lastKnownFileType = file.xib; path = LeftSideMenuTableViewCell.xib; sourceTree = "<group>"; };
		5357B4B51CF5A0CA006357F3 /* ResultTableViewCell.swift */ = {isa = PBXFileReference; fileEncoding = 4; lastKnownFileType = sourcecode.swift; path = ResultTableViewCell.swift; sourceTree = "<group>"; };
		5357B4B61CF5A0CA006357F3 /* ResultTableViewCell.xib */ = {isa = PBXFileReference; fileEncoding = 4; lastKnownFileType = file.xib; path = ResultTableViewCell.xib; sourceTree = "<group>"; };
		53D465E31CF4288C00B71062 /* ResultViewController.swift */ = {isa = PBXFileReference; fileEncoding = 4; lastKnownFileType = sourcecode.swift; path = ResultViewController.swift; sourceTree = "<group>"; };
		53D465E51CF42CD000B71062 /* HistoryViewController.swift */ = {isa = PBXFileReference; fileEncoding = 4; lastKnownFileType = sourcecode.swift; path = HistoryViewController.swift; sourceTree = "<group>"; };
		53D465E71CF435F700B71062 /* MainContainerViewController.swift */ = {isa = PBXFileReference; fileEncoding = 4; lastKnownFileType = sourcecode.swift; path = MainContainerViewController.swift; sourceTree = "<group>"; };
		840B13521D190CD500E7C8B0 /* LocationInfoDataManager.swift */ = {isa = PBXFileReference; fileEncoding = 4; lastKnownFileType = sourcecode.swift; path = LocationInfoDataManager.swift; sourceTree = "<group>"; };
		840B13541D1A69AB00E7C8B0 /* Mr-Ride-iOS 2.xcdatamodel */ = {isa = PBXFileReference; lastKnownFileType = wrapper.xcdatamodel; path = "Mr-Ride-iOS 2.xcdatamodel"; sourceTree = "<group>"; };
		840B13551D1A6FDD00E7C8B0 /* LocationInfo+CoreDataProperties.swift */ = {isa = PBXFileReference; fileEncoding = 4; lastKnownFileType = sourcecode.swift; path = "LocationInfo+CoreDataProperties.swift"; sourceTree = "<group>"; };
		840B13561D1A6FDD00E7C8B0 /* LocationInfo.swift */ = {isa = PBXFileReference; fileEncoding = 4; lastKnownFileType = sourcecode.swift; path = LocationInfo.swift; sourceTree = "<group>"; };
		844B43641D127EAA0024F16D /* MapInfoViewController.swift */ = {isa = PBXFileReference; fileEncoding = 4; lastKnownFileType = sourcecode.swift; path = MapInfoViewController.swift; sourceTree = "<group>"; };
		844B43AF1D13E4490024F16D /* UserInfo+CoreDataProperties.swift */ = {isa = PBXFileReference; fileEncoding = 4; lastKnownFileType = sourcecode.swift; path = "UserInfo+CoreDataProperties.swift"; sourceTree = "<group>"; };
		844B43B01D13E4490024F16D /* UserInfo.swift */ = {isa = PBXFileReference; fileEncoding = 4; lastKnownFileType = sourcecode.swift; path = UserInfo.swift; sourceTree = "<group>"; };
		844B43B31D141BE70024F16D /* CaloriesCalculator.swift */ = {isa = PBXFileReference; fileEncoding = 4; lastKnownFileType = sourcecode.swift; path = CaloriesCalculator.swift; sourceTree = "<group>"; };
		8469C9351D05AF0A00D97DB3 /* Mr-Ride-iOS.xcdatamodel */ = {isa = PBXFileReference; lastKnownFileType = wrapper.xcdatamodel; path = "Mr-Ride-iOS.xcdatamodel"; sourceTree = "<group>"; };
		8469C93F1D05B09900D97DB3 /* RideRecord+CoreDataProperties.swift */ = {isa = PBXFileReference; fileEncoding = 4; lastKnownFileType = sourcecode.swift; path = "RideRecord+CoreDataProperties.swift"; sourceTree = "<group>"; };
		8469C9401D05B09900D97DB3 /* RideRecord.swift */ = {isa = PBXFileReference; fileEncoding = 4; lastKnownFileType = sourcecode.swift; path = RideRecord.swift; sourceTree = "<group>"; };
		8469C9411D05B09900D97DB3 /* PathLocation+CoreDataProperties.swift */ = {isa = PBXFileReference; fileEncoding = 4; lastKnownFileType = sourcecode.swift; path = "PathLocation+CoreDataProperties.swift"; sourceTree = "<group>"; };
		8469C9421D05B09900D97DB3 /* PathLocation.swift */ = {isa = PBXFileReference; fileEncoding = 4; lastKnownFileType = sourcecode.swift; path = PathLocation.swift; sourceTree = "<group>"; };
		847254C71CFECB44000E6C61 /* DataRecorder.swift */ = {isa = PBXFileReference; fileEncoding = 4; lastKnownFileType = sourcecode.swift; path = DataRecorder.swift; sourceTree = "<group>"; };
		848D81D81CFD287E00BD9C98 /* Timer.swift */ = {isa = PBXFileReference; fileEncoding = 4; lastKnownFileType = sourcecode.swift; path = Timer.swift; sourceTree = "<group>"; };
		848D81DA1CFD655E00BD9C98 /* MapViewController.swift */ = {isa = PBXFileReference; fileEncoding = 4; lastKnownFileType = sourcecode.swift; path = MapViewController.swift; sourceTree = "<group>"; };
		84CAAD6C1D0BB4E900EA5AF0 /* ChartView.swift */ = {isa = PBXFileReference; fileEncoding = 4; lastKnownFileType = sourcecode.swift; path = ChartView.swift; sourceTree = "<group>"; };
		84CAADAB1D0FE18C00EA5AF0 /* HeaderView.swift */ = {isa = PBXFileReference; fileEncoding = 4; lastKnownFileType = sourcecode.swift; path = HeaderView.swift; sourceTree = "<group>"; };
		84CAADAF1D0FE1E100EA5AF0 /* HeaderView.xib */ = {isa = PBXFileReference; fileEncoding = 4; lastKnownFileType = file.xib; path = HeaderView.xib; sourceTree = "<group>"; };
		84F7C3571D0263A600BA08E7 /* HistoryTableViewController.swift */ = {isa = PBXFileReference; fileEncoding = 4; lastKnownFileType = sourcecode.swift; path = HistoryTableViewController.swift; sourceTree = "<group>"; };
		84F7C3591D02779700BA08E7 /* RobotoMono-Bold.ttf */ = {isa = PBXFileReference; lastKnownFileType = file; path = "RobotoMono-Bold.ttf"; sourceTree = "<group>"; };
		84F7C35A1D02779800BA08E7 /* RobotoMono-BoldItalic.ttf */ = {isa = PBXFileReference; lastKnownFileType = file; path = "RobotoMono-BoldItalic.ttf"; sourceTree = "<group>"; };
		84F7C35B1D02779800BA08E7 /* RobotoMono-Italic.ttf */ = {isa = PBXFileReference; lastKnownFileType = file; path = "RobotoMono-Italic.ttf"; sourceTree = "<group>"; };
		84F7C35C1D02779800BA08E7 /* RobotoMono-Light.ttf */ = {isa = PBXFileReference; lastKnownFileType = file; path = "RobotoMono-Light.ttf"; sourceTree = "<group>"; };
		84F7C35D1D02779800BA08E7 /* RobotoMono-LightItalic.ttf */ = {isa = PBXFileReference; lastKnownFileType = file; path = "RobotoMono-LightItalic.ttf"; sourceTree = "<group>"; };
		84F7C35E1D02779800BA08E7 /* RobotoMono-Medium.ttf */ = {isa = PBXFileReference; lastKnownFileType = file; path = "RobotoMono-Medium.ttf"; sourceTree = "<group>"; };
		84F7C35F1D02779800BA08E7 /* RobotoMono-MediumItalic.ttf */ = {isa = PBXFileReference; lastKnownFileType = file; path = "RobotoMono-MediumItalic.ttf"; sourceTree = "<group>"; };
		84F7C3601D02779800BA08E7 /* RobotoMono-Regular.ttf */ = {isa = PBXFileReference; lastKnownFileType = file; path = "RobotoMono-Regular.ttf"; sourceTree = "<group>"; };
		84F7C3611D02779800BA08E7 /* RobotoMono-Thin.ttf */ = {isa = PBXFileReference; lastKnownFileType = file; path = "RobotoMono-Thin.ttf"; sourceTree = "<group>"; };
		84F7C3621D02779800BA08E7 /* RobotoMono-ThinItalic.ttf */ = {isa = PBXFileReference; lastKnownFileType = file; path = "RobotoMono-ThinItalic.ttf"; sourceTree = "<group>"; };
		ADC278E3F420400276D8AE3B /* Pods-Mr-Ride-iOS.release.xcconfig */ = {isa = PBXFileReference; includeInIndex = 1; lastKnownFileType = text.xcconfig; name = "Pods-Mr-Ride-iOS.release.xcconfig"; path = "Pods/Target Support Files/Pods-Mr-Ride-iOS/Pods-Mr-Ride-iOS.release.xcconfig"; sourceTree = "<group>"; };
		E14F81B989F303C1AA23A22F /* Pods-Mr-Ride-iOS.debug.xcconfig */ = {isa = PBXFileReference; includeInIndex = 1; lastKnownFileType = text.xcconfig; name = "Pods-Mr-Ride-iOS.debug.xcconfig"; path = "Pods/Target Support Files/Pods-Mr-Ride-iOS/Pods-Mr-Ride-iOS.debug.xcconfig"; sourceTree = "<group>"; };
/* End PBXFileReference section */

/* Begin PBXFrameworksBuildPhase section */
		532FF3651CF2AB6300EF9E14 /* Frameworks */ = {
			isa = PBXFrameworksBuildPhase;
			buildActionMask = 2147483647;
			files = (
				B1C7439BFDDC9FAC7E847190 /* Pods_Mr_Ride_iOS.framework in Frameworks */,
			);
			runOnlyForDeploymentPostprocessing = 0;
		};
/* End PBXFrameworksBuildPhase section */

/* Begin PBXGroup section */
		094E46901B1DE9C5B2FCF2E6 /* Pods */ = {
			isa = PBXGroup;
			children = (
				E14F81B989F303C1AA23A22F /* Pods-Mr-Ride-iOS.debug.xcconfig */,
				ADC278E3F420400276D8AE3B /* Pods-Mr-Ride-iOS.release.xcconfig */,
			);
			name = Pods;
			sourceTree = "<group>";
		};
		532FF35F1CF2AB6300EF9E14 = {
			isa = PBXGroup;
			children = (
				5306C08B1CF3EA1900FAC567 /* Localizable.strings */,
				532FF36A1CF2AB6400EF9E14 /* Mr-Ride-iOS */,
				532FF3691CF2AB6400EF9E14 /* Products */,
				094E46901B1DE9C5B2FCF2E6 /* Pods */,
				D70F0C3899CC09506BBF6917 /* Frameworks */,
			);
			sourceTree = "<group>";
		};
		532FF3691CF2AB6400EF9E14 /* Products */ = {
			isa = PBXGroup;
			children = (
				532FF3681CF2AB6300EF9E14 /* Mr-Ride-iOS.app */,
			);
			name = Products;
			sourceTree = "<group>";
		};
		532FF36A1CF2AB6400EF9E14 /* Mr-Ride-iOS */ = {
			isa = PBXGroup;
			children = (
				8469C9291D052B2300D97DB3 /* CoreData */,
				532FF36B1CF2AB6400EF9E14 /* AppDelegate.swift */,
				532FF3721CF2AB6400EF9E14 /* Assets.xcassets */,
				532FF36F1CF2AB6400EF9E14 /* Main.storyboard */,
				532FF3741CF2AB6400EF9E14 /* LaunchScreen.storyboard */,
				532FF3771CF2AB6400EF9E14 /* Info.plist */,
				84CAAD6C1D0BB4E900EA5AF0 /* ChartView.swift */,
				848D81D71CFD286B00BD9C98 /* Model */,
				532FF3991CF3011D00EF9E14 /* ViewControllers */,
				532FF3941CF3010700EF9E14 /* TableViewCells */,
				532FF3811CF2ED1A00EF9E14 /* Resources */,
			);
			path = "Mr-Ride-iOS";
			sourceTree = "<group>";
		};
		532FF3811CF2ED1A00EF9E14 /* Resources */ = {
			isa = PBXGroup;
			children = (
				84F7C3591D02779700BA08E7 /* RobotoMono-Bold.ttf */,
				84F7C35A1D02779800BA08E7 /* RobotoMono-BoldItalic.ttf */,
				84F7C35B1D02779800BA08E7 /* RobotoMono-Italic.ttf */,
				84F7C35C1D02779800BA08E7 /* RobotoMono-Light.ttf */,
				84F7C35D1D02779800BA08E7 /* RobotoMono-LightItalic.ttf */,
				84F7C35E1D02779800BA08E7 /* RobotoMono-Medium.ttf */,
				84F7C35F1D02779800BA08E7 /* RobotoMono-MediumItalic.ttf */,
				84F7C3601D02779800BA08E7 /* RobotoMono-Regular.ttf */,
				84F7C3611D02779800BA08E7 /* RobotoMono-Thin.ttf */,
				84F7C3621D02779800BA08E7 /* RobotoMono-ThinItalic.ttf */,
				532FF3901CF2F42C00EF9E14 /* UIColor+YBKAdditions.swift */,
				532FF3911CF2F42C00EF9E14 /* UIFont+YBKAdditions.swift */,
				532FF3821CF2ED1A00EF9E14 /* Utilities.swift */,
			);
			path = Resources;
			sourceTree = "<group>";
		};
		532FF3941CF3010700EF9E14 /* TableViewCells */ = {
			isa = PBXGroup;
			children = (
				532FF3A41CF3025400EF9E14 /* LeftSideMenuTableViewCell.swift */,
				532FF3A51CF3025400EF9E14 /* LeftSideMenuTableViewCell.xib */,
				5357B4B51CF5A0CA006357F3 /* ResultTableViewCell.swift */,
				5357B4B61CF5A0CA006357F3 /* ResultTableViewCell.xib */,
				84CAADAB1D0FE18C00EA5AF0 /* HeaderView.swift */,
				84CAADAF1D0FE1E100EA5AF0 /* HeaderView.xib */,
			);
			path = TableViewCells;
			sourceTree = "<group>";
		};
		532FF3991CF3011D00EF9E14 /* ViewControllers */ = {
			isa = PBXGroup;
			children = (
				532FF39A1CF3011D00EF9E14 /* LandingContainerViewController.swift */,
				53D465E71CF435F700B71062 /* MainContainerViewController.swift */,
				532FF39B1CF3011D00EF9E14 /* LeftSideMenuTableViewController.swift */,
				5306C0831CF3E06E00FAC567 /* HomeViewController.swift */,
				5306C08D1CF3F08700FAC567 /* RecordViewController.swift */,
				53D465E31CF4288C00B71062 /* ResultViewController.swift */,
				53D465E51CF42CD000B71062 /* HistoryViewController.swift */,
				848D81DA1CFD655E00BD9C98 /* MapViewController.swift */,
				84F7C3571D0263A600BA08E7 /* HistoryTableViewController.swift */,
				844B43641D127EAA0024F16D /* MapInfoViewController.swift */,
			);
			path = ViewControllers;
			sourceTree = "<group>";
		};
		8469C9291D052B2300D97DB3 /* CoreData */ = {
			isa = PBXGroup;
			children = (
				840B13551D1A6FDD00E7C8B0 /* LocationInfo+CoreDataProperties.swift */,
				840B13561D1A6FDD00E7C8B0 /* LocationInfo.swift */,
				844B43AF1D13E4490024F16D /* UserInfo+CoreDataProperties.swift */,
				844B43B01D13E4490024F16D /* UserInfo.swift */,
				8469C93F1D05B09900D97DB3 /* RideRecord+CoreDataProperties.swift */,
				8469C9401D05B09900D97DB3 /* RideRecord.swift */,
				8469C9411D05B09900D97DB3 /* PathLocation+CoreDataProperties.swift */,
				8469C9421D05B09900D97DB3 /* PathLocation.swift */,
				8469C9341D05AF0A00D97DB3 /* Mr-Ride-iOS.xcdatamodeld */,
			);
			name = CoreData;
			sourceTree = "<group>";
		};
		848D81D71CFD286B00BD9C98 /* Model */ = {
			isa = PBXGroup;
			children = (
				848D81D81CFD287E00BD9C98 /* Timer.swift */,
				847254C71CFECB44000E6C61 /* DataRecorder.swift */,
				844B43B31D141BE70024F16D /* CaloriesCalculator.swift */,
				840B13521D190CD500E7C8B0 /* LocationInfoDataManager.swift */,
			);
			path = Model;
			sourceTree = "<group>";
		};
		D70F0C3899CC09506BBF6917 /* Frameworks */ = {
			isa = PBXGroup;
			children = (
				3C503E7531F476CE68E4C3CF /* Pods_Mr_Ride_iOS.framework */,
			);
			name = Frameworks;
			sourceTree = "<group>";
		};
/* End PBXGroup section */

/* Begin PBXNativeTarget section */
		532FF3671CF2AB6300EF9E14 /* Mr-Ride-iOS */ = {
			isa = PBXNativeTarget;
			buildConfigurationList = 532FF37A1CF2AB6400EF9E14 /* Build configuration list for PBXNativeTarget "Mr-Ride-iOS" */;
			buildPhases = (
				BA3843B6107F26D59C405515 /* 📦 Check Pods Manifest.lock */,
				532FF3641CF2AB6300EF9E14 /* Sources */,
				532FF3651CF2AB6300EF9E14 /* Frameworks */,
				532FF3661CF2AB6300EF9E14 /* Resources */,
				29FC3BBB0B8AFF0DFA5E34DA /* 📦 Embed Pods Frameworks */,
				D7A6683B34280BFBA6F5912A /* 📦 Copy Pods Resources */,
			);
			buildRules = (
			);
			dependencies = (
			);
			name = "Mr-Ride-iOS";
			productName = "Mr-Ride-iOS";
			productReference = 532FF3681CF2AB6300EF9E14 /* Mr-Ride-iOS.app */;
			productType = "com.apple.product-type.application";
		};
/* End PBXNativeTarget section */

/* Begin PBXProject section */
		532FF3601CF2AB6300EF9E14 /* Project object */ = {
			isa = PBXProject;
			attributes = {
				LastSwiftUpdateCheck = 0730;
				LastUpgradeCheck = 0730;
				ORGANIZATIONNAME = "AppWorks School Snakeking";
				TargetAttributes = {
					532FF3671CF2AB6300EF9E14 = {
						CreatedOnToolsVersion = 7.3;
					};
				};
			};
			buildConfigurationList = 532FF3631CF2AB6300EF9E14 /* Build configuration list for PBXProject "Mr-Ride-iOS" */;
			compatibilityVersion = "Xcode 3.2";
			developmentRegion = English;
			hasScannedForEncodings = 0;
			knownRegions = (
				en,
				Base,
				"zh-Hant",
			);
			mainGroup = 532FF35F1CF2AB6300EF9E14;
			productRefGroup = 532FF3691CF2AB6400EF9E14 /* Products */;
			projectDirPath = "";
			projectRoot = "";
			targets = (
				532FF3671CF2AB6300EF9E14 /* Mr-Ride-iOS */,
			);
		};
/* End PBXProject section */

/* Begin PBXResourcesBuildPhase section */
		532FF3661CF2AB6300EF9E14 /* Resources */ = {
			isa = PBXResourcesBuildPhase;
			buildActionMask = 2147483647;
			files = (
				5306C0891CF3EA1900FAC567 /* Localizable.strings in Resources */,
				532FF3761CF2AB6400EF9E14 /* LaunchScreen.storyboard in Resources */,
				5357B4B81CF5A0CA006357F3 /* ResultTableViewCell.xib in Resources */,
				532FF3731CF2AB6400EF9E14 /* Assets.xcassets in Resources */,
				532FF3A71CF3025400EF9E14 /* LeftSideMenuTableViewCell.xib in Resources */,
				532FF3711CF2AB6400EF9E14 /* Main.storyboard in Resources */,
				84F7C3631D02782100BA08E7 /* RobotoMono-Bold.ttf in Resources */,
				84F7C3641D02783300BA08E7 /* RobotoMono-BoldItalic.ttf in Resources */,
				84CAADB01D0FE1E100EA5AF0 /* HeaderView.xib in Resources */,
				84F7C3651D02783300BA08E7 /* RobotoMono-Italic.ttf in Resources */,
				84F7C3661D02783300BA08E7 /* RobotoMono-Light.ttf in Resources */,
				84F7C3671D02783300BA08E7 /* RobotoMono-LightItalic.ttf in Resources */,
				84F7C3681D02783300BA08E7 /* RobotoMono-Medium.ttf in Resources */,
				84F7C3691D02783300BA08E7 /* RobotoMono-MediumItalic.ttf in Resources */,
				84F7C36A1D02783300BA08E7 /* RobotoMono-Regular.ttf in Resources */,
				84F7C36B1D02783300BA08E7 /* RobotoMono-Thin.ttf in Resources */,
				84F7C36C1D02783300BA08E7 /* RobotoMono-ThinItalic.ttf in Resources */,
			);
			runOnlyForDeploymentPostprocessing = 0;
		};
/* End PBXResourcesBuildPhase section */

/* Begin PBXShellScriptBuildPhase section */
		29FC3BBB0B8AFF0DFA5E34DA /* 📦 Embed Pods Frameworks */ = {
			isa = PBXShellScriptBuildPhase;
			buildActionMask = 2147483647;
			files = (
			);
			inputPaths = (
			);
			name = "📦 Embed Pods Frameworks";
			outputPaths = (
			);
			runOnlyForDeploymentPostprocessing = 0;
			shellPath = /bin/sh;
			shellScript = "\"${SRCROOT}/Pods/Target Support Files/Pods-Mr-Ride-iOS/Pods-Mr-Ride-iOS-frameworks.sh\"\n";
			showEnvVarsInLog = 0;
		};
		BA3843B6107F26D59C405515 /* 📦 Check Pods Manifest.lock */ = {
			isa = PBXShellScriptBuildPhase;
			buildActionMask = 2147483647;
			files = (
			);
			inputPaths = (
			);
			name = "📦 Check Pods Manifest.lock";
			outputPaths = (
			);
			runOnlyForDeploymentPostprocessing = 0;
			shellPath = /bin/sh;
			shellScript = "diff \"${PODS_ROOT}/../Podfile.lock\" \"${PODS_ROOT}/Manifest.lock\" > /dev/null\nif [[ $? != 0 ]] ; then\n    cat << EOM\nerror: The sandbox is not in sync with the Podfile.lock. Run 'pod install' or update your CocoaPods installation.\nEOM\n    exit 1\nfi\n";
			showEnvVarsInLog = 0;
		};
		D7A6683B34280BFBA6F5912A /* 📦 Copy Pods Resources */ = {
			isa = PBXShellScriptBuildPhase;
			buildActionMask = 2147483647;
			files = (
			);
			inputPaths = (
			);
			name = "📦 Copy Pods Resources";
			outputPaths = (
			);
			runOnlyForDeploymentPostprocessing = 0;
			shellPath = /bin/sh;
			shellScript = "\"${SRCROOT}/Pods/Target Support Files/Pods-Mr-Ride-iOS/Pods-Mr-Ride-iOS-resources.sh\"\n";
			showEnvVarsInLog = 0;
		};
/* End PBXShellScriptBuildPhase section */

/* Begin PBXSourcesBuildPhase section */
		532FF3641CF2AB6300EF9E14 /* Sources */ = {
			isa = PBXSourcesBuildPhase;
			buildActionMask = 2147483647;
			files = (
				8469C9361D05AF0A00D97DB3 /* Mr-Ride-iOS.xcdatamodeld in Sources */,
				8469C9451D05B09900D97DB3 /* PathLocation+CoreDataProperties.swift in Sources */,
				840B13571D1A6FDD00E7C8B0 /* LocationInfo+CoreDataProperties.swift in Sources */,
				5306C08E1CF3F08700FAC567 /* RecordViewController.swift in Sources */,
				844B43B41D141BE70024F16D /* CaloriesCalculator.swift in Sources */,
				8469C9441D05B09900D97DB3 /* RideRecord.swift in Sources */,
				53D465E81CF435F700B71062 /* MainContainerViewController.swift in Sources */,
				532FF3931CF2F42C00EF9E14 /* UIFont+YBKAdditions.swift in Sources */,
				532FF39C1CF3011D00EF9E14 /* LandingContainerViewController.swift in Sources */,
				5306C0841CF3E06E00FAC567 /* HomeViewController.swift in Sources */,
				84F7C3581D0263A600BA08E7 /* HistoryTableViewController.swift in Sources */,
				532FF3921CF2F42C00EF9E14 /* UIColor+YBKAdditions.swift in Sources */,
				53D465E41CF4288C00B71062 /* ResultViewController.swift in Sources */,
				844B43651D127EAA0024F16D /* MapInfoViewController.swift in Sources */,
				8469C9461D05B09900D97DB3 /* PathLocation.swift in Sources */,
				532FF39D1CF3011D00EF9E14 /* LeftSideMenuTableViewController.swift in Sources */,
				532FF3A61CF3025400EF9E14 /* LeftSideMenuTableViewCell.swift in Sources */,
				84CAAD6D1D0BB4E900EA5AF0 /* ChartView.swift in Sources */,
				5357B4B71CF5A0CA006357F3 /* ResultTableViewCell.swift in Sources */,
				84CAADAC1D0FE18C00EA5AF0 /* HeaderView.swift in Sources */,
				848D81DB1CFD655E00BD9C98 /* MapViewController.swift in Sources */,
				532FF3831CF2ED1A00EF9E14 /* Utilities.swift in Sources */,
				840B13581D1A6FDD00E7C8B0 /* LocationInfo.swift in Sources */,
				844B43B11D13E4490024F16D /* UserInfo+CoreDataProperties.swift in Sources */,
				8469C9431D05B09900D97DB3 /* RideRecord+CoreDataProperties.swift in Sources */,
				53D465E61CF42CD000B71062 /* HistoryViewController.swift in Sources */,
				532FF36C1CF2AB6400EF9E14 /* AppDelegate.swift in Sources */,
				840B13531D190CD500E7C8B0 /* LocationInfoDataManager.swift in Sources */,
				847254C81CFECB44000E6C61 /* DataRecorder.swift in Sources */,
				844B43B21D13E4490024F16D /* UserInfo.swift in Sources */,
				848D81D91CFD287E00BD9C98 /* Timer.swift in Sources */,
			);
			runOnlyForDeploymentPostprocessing = 0;
		};
/* End PBXSourcesBuildPhase section */

/* Begin PBXVariantGroup section */
		5306C08B1CF3EA1900FAC567 /* Localizable.strings */ = {
			isa = PBXVariantGroup;
			children = (
				5306C08A1CF3EA1900FAC567 /* Base */,
				5306C08C1CF3EA1C00FAC567 /* zh-Hant */,
			);
			name = Localizable.strings;
			sourceTree = "<group>";
		};
		532FF36F1CF2AB6400EF9E14 /* Main.storyboard */ = {
			isa = PBXVariantGroup;
			children = (
				532FF3701CF2AB6400EF9E14 /* Base */,
				5306C0851CF3E85200FAC567 /* zh-Hant */,
			);
			name = Main.storyboard;
			sourceTree = "<group>";
		};
		532FF3741CF2AB6400EF9E14 /* LaunchScreen.storyboard */ = {
			isa = PBXVariantGroup;
			children = (
				532FF3751CF2AB6400EF9E14 /* Base */,
				5306C0861CF3E85200FAC567 /* zh-Hant */,
			);
			name = LaunchScreen.storyboard;
			sourceTree = "<group>";
		};
/* End PBXVariantGroup section */

/* Begin XCBuildConfiguration section */
		532FF3781CF2AB6400EF9E14 /* Debug */ = {
			isa = XCBuildConfiguration;
			buildSettings = {
				ALWAYS_SEARCH_USER_PATHS = NO;
				CLANG_ANALYZER_NONNULL = YES;
				CLANG_CXX_LANGUAGE_STANDARD = "gnu++0x";
				CLANG_CXX_LIBRARY = "libc++";
				CLANG_ENABLE_MODULES = YES;
				CLANG_ENABLE_OBJC_ARC = YES;
				CLANG_WARN_BOOL_CONVERSION = YES;
				CLANG_WARN_CONSTANT_CONVERSION = YES;
				CLANG_WARN_DIRECT_OBJC_ISA_USAGE = YES_ERROR;
				CLANG_WARN_EMPTY_BODY = YES;
				CLANG_WARN_ENUM_CONVERSION = YES;
				CLANG_WARN_INT_CONVERSION = YES;
				CLANG_WARN_OBJC_ROOT_CLASS = YES_ERROR;
				CLANG_WARN_UNREACHABLE_CODE = YES;
				CLANG_WARN__DUPLICATE_METHOD_MATCH = YES;
				"CODE_SIGN_IDENTITY[sdk=iphoneos*]" = "iPhone Developer";
				COPY_PHASE_STRIP = NO;
				DEBUG_INFORMATION_FORMAT = dwarf;
				ENABLE_STRICT_OBJC_MSGSEND = YES;
				ENABLE_TESTABILITY = YES;
				GCC_C_LANGUAGE_STANDARD = gnu99;
				GCC_DYNAMIC_NO_PIC = NO;
				GCC_NO_COMMON_BLOCKS = YES;
				GCC_OPTIMIZATION_LEVEL = 0;
				GCC_PREPROCESSOR_DEFINITIONS = (
					"DEBUG=1",
					"$(inherited)",
				);
				GCC_WARN_64_TO_32_BIT_CONVERSION = YES;
				GCC_WARN_ABOUT_RETURN_TYPE = YES_ERROR;
				GCC_WARN_UNDECLARED_SELECTOR = YES;
				GCC_WARN_UNINITIALIZED_AUTOS = YES_AGGRESSIVE;
				GCC_WARN_UNUSED_FUNCTION = YES;
				GCC_WARN_UNUSED_VARIABLE = YES;
				IPHONEOS_DEPLOYMENT_TARGET = 9.3;
				MTL_ENABLE_DEBUG_INFO = YES;
				ONLY_ACTIVE_ARCH = YES;
				SDKROOT = iphoneos;
				SWIFT_OPTIMIZATION_LEVEL = "-Onone";
			};
			name = Debug;
		};
		532FF3791CF2AB6400EF9E14 /* Release */ = {
			isa = XCBuildConfiguration;
			buildSettings = {
				ALWAYS_SEARCH_USER_PATHS = NO;
				CLANG_ANALYZER_NONNULL = YES;
				CLANG_CXX_LANGUAGE_STANDARD = "gnu++0x";
				CLANG_CXX_LIBRARY = "libc++";
				CLANG_ENABLE_MODULES = YES;
				CLANG_ENABLE_OBJC_ARC = YES;
				CLANG_WARN_BOOL_CONVERSION = YES;
				CLANG_WARN_CONSTANT_CONVERSION = YES;
				CLANG_WARN_DIRECT_OBJC_ISA_USAGE = YES_ERROR;
				CLANG_WARN_EMPTY_BODY = YES;
				CLANG_WARN_ENUM_CONVERSION = YES;
				CLANG_WARN_INT_CONVERSION = YES;
				CLANG_WARN_OBJC_ROOT_CLASS = YES_ERROR;
				CLANG_WARN_UNREACHABLE_CODE = YES;
				CLANG_WARN__DUPLICATE_METHOD_MATCH = YES;
				"CODE_SIGN_IDENTITY[sdk=iphoneos*]" = "iPhone Developer";
				COPY_PHASE_STRIP = NO;
				DEBUG_INFORMATION_FORMAT = "dwarf-with-dsym";
				ENABLE_NS_ASSERTIONS = NO;
				ENABLE_STRICT_OBJC_MSGSEND = YES;
				GCC_C_LANGUAGE_STANDARD = gnu99;
				GCC_NO_COMMON_BLOCKS = YES;
				GCC_WARN_64_TO_32_BIT_CONVERSION = YES;
				GCC_WARN_ABOUT_RETURN_TYPE = YES_ERROR;
				GCC_WARN_UNDECLARED_SELECTOR = YES;
				GCC_WARN_UNINITIALIZED_AUTOS = YES_AGGRESSIVE;
				GCC_WARN_UNUSED_FUNCTION = YES;
				GCC_WARN_UNUSED_VARIABLE = YES;
				IPHONEOS_DEPLOYMENT_TARGET = 9.3;
				MTL_ENABLE_DEBUG_INFO = NO;
				SDKROOT = iphoneos;
				VALIDATE_PRODUCT = YES;
			};
			name = Release;
		};
		532FF37B1CF2AB6400EF9E14 /* Debug */ = {
			isa = XCBuildConfiguration;
			baseConfigurationReference = E14F81B989F303C1AA23A22F /* Pods-Mr-Ride-iOS.debug.xcconfig */;
			buildSettings = {
				ASSETCATALOG_COMPILER_APPICON_NAME = AppIcon;
				INFOPLIST_FILE = "Mr-Ride-iOS/Info.plist";
				IPHONEOS_DEPLOYMENT_TARGET = 9.3;
				LD_RUNPATH_SEARCH_PATHS = "$(inherited) @executable_path/Frameworks";
				PRODUCT_BUNDLE_IDENTIFIER = "com.appworks-school-snakeking.Mr-Ride-iOS";
				PRODUCT_NAME = "$(TARGET_NAME)";
			};
			name = Debug;
		};
		532FF37C1CF2AB6400EF9E14 /* Release */ = {
			isa = XCBuildConfiguration;
			baseConfigurationReference = ADC278E3F420400276D8AE3B /* Pods-Mr-Ride-iOS.release.xcconfig */;
			buildSettings = {
				ASSETCATALOG_COMPILER_APPICON_NAME = AppIcon;
				INFOPLIST_FILE = "Mr-Ride-iOS/Info.plist";
				IPHONEOS_DEPLOYMENT_TARGET = 9.3;
				LD_RUNPATH_SEARCH_PATHS = "$(inherited) @executable_path/Frameworks";
				PRODUCT_BUNDLE_IDENTIFIER = "com.appworks-school-snakeking.Mr-Ride-iOS";
				PRODUCT_NAME = "$(TARGET_NAME)";
			};
			name = Release;
		};
/* End XCBuildConfiguration section */

/* Begin XCConfigurationList section */
		532FF3631CF2AB6300EF9E14 /* Build configuration list for PBXProject "Mr-Ride-iOS" */ = {
			isa = XCConfigurationList;
			buildConfigurations = (
				532FF3781CF2AB6400EF9E14 /* Debug */,
				532FF3791CF2AB6400EF9E14 /* Release */,
			);
			defaultConfigurationIsVisible = 0;
			defaultConfigurationName = Release;
		};
		532FF37A1CF2AB6400EF9E14 /* Build configuration list for PBXNativeTarget "Mr-Ride-iOS" */ = {
			isa = XCConfigurationList;
			buildConfigurations = (
				532FF37B1CF2AB6400EF9E14 /* Debug */,
				532FF37C1CF2AB6400EF9E14 /* Release */,
			);
			defaultConfigurationIsVisible = 0;
			defaultConfigurationName = Release;
		};
/* End XCConfigurationList section */

/* Begin XCVersionGroup section */
		8469C9341D05AF0A00D97DB3 /* Mr-Ride-iOS.xcdatamodeld */ = {
			isa = XCVersionGroup;
			children = (
				840B13541D1A69AB00E7C8B0 /* Mr-Ride-iOS 2.xcdatamodel */,
				8469C9351D05AF0A00D97DB3 /* Mr-Ride-iOS.xcdatamodel */,
			);
			currentVersion = 840B13541D1A69AB00E7C8B0 /* Mr-Ride-iOS 2.xcdatamodel */;
			path = "Mr-Ride-iOS.xcdatamodeld";
			sourceTree = "<group>";
			versionGroupType = wrapper.xcdatamodel;
		};
/* End XCVersionGroup section */
	};
	rootObject = 532FF3601CF2AB6300EF9E14 /* Project object */;
}
